
Microsoft Visual Studio Solution File, Format Version 12.00
# Visual Studio Version 17
VisualStudioVersion = 17.1.32228.430
MinimumVisualStudioVersion = 10.0.40219.1
Project("{FAE04EC0-301F-11D3-BF4B-00C04F79EFBC}") = "ATC24Helper", "ATC24Helper.csproj", "{6B8AE106-E96C-4A21-B351-368C6344B045}"
EndProject
Global
	GlobalSection(SolutionConfigurationPlatforms) = preSolution
		Debug|Any CPU = Debug|Any CPU
		Release|Any CPU = Release|Any CPU
	EndGlobalSection
	GlobalSection(ProjectConfigurationPlatforms) = postSolution
		{6B8AE106-E96C-4A21-B351-368C6344B045}.Debug|Any CPU.ActiveCfg = Debug|Any CPU
		{6B8AE106-E96C-4A21-B351-368C6344B045}.Debug|Any CPU.Build.0 = Debug|Any CPU
		{6B8AE106-E96C-4A21-B351-368C6344B045}.Release|Any CPU.ActiveCfg = Release|Any CPU
		{6B8AE106-E96C-4A21-B351-368C6344B045}.Release|Any CPU.Build.0 = Release|Any CPU
	EndGlobalSection
	GlobalSection(SolutionProperties) = preSolution
		HideSolutionNode = FALSE
	EndGlobalSection
	GlobalSection(ExtensibilityGlobals) = postSolution
		SolutionGuid = {8EE97F3D-550E-4EF5-99A6-FFC315CD4FBE}
	EndGlobalSection
EndGlobal
